{
  "version": 4,
  "terraform_version": "1.11.3",
  "serial": 263,
  "lineage": "5dacfe50-b9a4-04d3-d143-45c0f7ae4044",
  "outputs": {},
  "resources": [
    {
      "module": "module.config-SW1a",
      "mode": "data",
      "type": "nxos_rest",
      "name": "l1PhysIf",
      "provider": "module.config-SW1a.provider[\"registry.terraform.io/ciscodevnet/nxos\"].switch1a",
      "instances": [
        {
          "schema_version": 0,
          "attributes": {
            "class_name": "l1PhysIf",
            "content": {
              "FECMode": "auto",
              "accessVlan": "vlan-1",
              "adminSt": "up",
              "autoNeg": "on",
              "beacon": "off",
              "bw": "default",
              "childAction": "",
              "controllerId": "",
              "delay": "1",
              "descr": "",
              "dfeAdaptiveTuning": "enable",
              "dfeTuningDelay": "100",
              "dn": "sys/intf/phys-[eth1/1]",
              "dot1qEtherType": "0x8100",
              "duplex": "auto",
              "ethpmCfgFailedBmp": "",
              "ethpmCfgFailedTs": "0",
              "ethpmCfgState": "0",
              "id": "eth1/1",
              "inhBw": "4294967295",
              "ituChannel": "32",
              "layer": "Layer2",
              "linkActiveJitterMgmt": "disable",
              "linkDebounce": "100",
              "linkDebounceLinkUp": "0",
              "linkFlapErrDis": "disable",
              "linkFlapErrorMax": "30",
              "linkFlapErrorSeconds": "420",
              "linkLog": "default",
              "linkLoopback": "disable",
              "linkMacUpTimer": "0",
              "linkMaxBringUpTimer": "0",
              "linkTransmitReset": "enable",
              "mdix": "auto",
              "mediaType": "none",
              "medium": "broadcast",
              "modTs": "2025-11-21T16:31:38.774+00:00",
              "mode": "access",
              "mtu": "1500",
              "name": "",
              "nativeVlan": "vlan-1",
              "operUpdatedOpc": "0",
              "packetTimestampEgressSourceId": "0",
              "packetTimestampIngressSourceId": "0",
              "packetTimestampState": "disable",
              "portT": "leaf",
              "routerMac": "not-applicable",
              "snmpTrapSt": "enable",
              "spanMode": "not-a-span-dest",
              "speed": "auto",
              "speedGroup": "auto",
              "status": "",
              "switchingSt": "disabled",
              "transMode": "not-a-trans-port",
              "trunkLog": "default",
              "trunkVlans": "1-4094",
              "uniDirectionalEthernet": "disable",
              "usage": "discovery",
              "userCfgdFlags": "",
              "vlanmgrCfgFailedBmp": "",
              "vlanmgrCfgFailedTs": "0",
              "vlanmgrCfgState": "0",
              "voicePortCos": "none",
              "voicePortTrust": "disable",
              "voiceVlanId": "none",
              "voiceVlanType": "none"
            },
            "device": null,
            "dn": "sys/intf/phys-[eth1/1]",
            "id": "sys/intf/phys-[eth1/1]"
          },
          "sensitive_attributes": []
        }
      ]
    },
    {
      "module": "module.config-SW1a",
      "mode": "managed",
      "type": "nxos_ipv4_interface",
      "name": "eth1_7-switch1a",
      "provider": "module.config-SW1a.provider[\"registry.terraform.io/ciscodevnet/nxos\"].switch1a",
      "instances": [
        {
          "schema_version": 0,
          "attributes": {
            "device": null,
            "drop_glean": "disabled",
            "forward": "disabled",
            "id": "sys/ipv4/inst/dom-[VRF1]/if-[eth1/7]",
            "interface_id": "eth1/7",
            "unnumbered": "unspecified",
            "urpf": "disabled",
            "vrf": "VRF1"
          },
          "sensitive_attributes": [],
          "private": "eyJpbXBvcnRpbmciOiJNQT09In0="
        }
      ]
    },
    {
      "module": "module.config-SW1a",
      "mode": "managed",
      "type": "nxos_ipv4_interface",
      "name": "lo123-switch1a",
      "provider": "module.config-SW1a.provider[\"registry.terraform.io/ciscodevnet/nxos\"].switch1a",
      "instances": [
        {
          "schema_version": 0,
          "attributes": {
            "device": null,
            "drop_glean": "disabled",
            "forward": "disabled",
            "id": "sys/ipv4/inst/dom-[VRF1]/if-[lo123]",
            "interface_id": "lo123",
            "unnumbered": "unspecified",
            "urpf": "disabled",
            "vrf": "VRF1"
          },
          "sensitive_attributes": [],
          "private": "eyJpbXBvcnRpbmciOiJNQT09In0="
        }
      ]
    },
    {
      "module": "module.config-SW1a",
      "mode": "managed",
      "type": "nxos_ipv4_interface",
      "name": "lo33-switch1a",
      "provider": "module.config-SW1a.provider[\"registry.terraform.io/ciscodevnet/nxos\"].switch1a",
      "instances": [
        {
          "schema_version": 0,
          "attributes": {
            "device": null,
            "drop_glean": "disabled",
            "forward": "disabled",
            "id": "sys/ipv4/inst/dom-[VRF2]/if-[lo33]",
            "interface_id": "lo33",
            "unnumbered": "unspecified",
            "urpf": "disabled",
            "vrf": "VRF2"
          },
          "sensitive_attributes": [],
          "private": "eyJpbXBvcnRpbmciOiJNQT09In0="
        }
      ]
    },
    {
      "module": "module.config-SW1a",
      "mode": "managed",
      "type": "nxos_ipv4_interface_address",
      "name": "eth1_7-switch1a",
      "provider": "module.config-SW1a.provider[\"registry.terraform.io/ciscodevnet/nxos\"].switch1a",
      "instances": [
        {
          "schema_version": 0,
          "attributes": {
            "address": "24.63.46.49/30",
            "device": null,
            "id": "sys/ipv4/inst/dom-[VRF1]/if-[eth1/7]/addr-[24.63.46.49/30]",
            "interface_id": "eth1/7",
            "tag": 0,
            "type": "primary",
            "vrf": "VRF1"
          },
          "sensitive_attributes": [],
          "private": "eyJpbXBvcnRpbmciOiJNQT09In0="
        }
      ]
    },
    {
      "module": "module.config-SW1a",
      "mode": "managed",
      "type": "nxos_ipv4_interface_address",
      "name": "lo123-switch1a",
      "provider": "module.config-SW1a.provider[\"registry.terraform.io/ciscodevnet/nxos\"].switch1a",
      "instances": [
        {
          "schema_version": 0,
          "attributes": {
            "address": "11.11.12.1/32",
            "device": null,
            "id": "sys/ipv4/inst/dom-[VRF1]/if-[lo123]/addr-[11.11.12.1/32]",
            "interface_id": "lo123",
            "tag": 0,
            "type": "primary",
            "vrf": "VRF1"
          },
          "sensitive_attributes": [],
          "private": "eyJpbXBvcnRpbmciOiJNQT09In0="
        }
      ]
    },
    {
      "module": "module.config-SW1a",
      "mode": "managed",
      "type": "nxos_ipv4_interface_address",
      "name": "lo33-switch1a",
      "provider": "module.config-SW1a.provider[\"registry.terraform.io/ciscodevnet/nxos\"].switch1a",
      "instances": [
        {
          "schema_version": 0,
          "attributes": {
            "address": "11.11.12.11/32",
            "device": null,
            "id": "sys/ipv4/inst/dom-[VRF2]/if-[lo33]/addr-[11.11.12.11/32]",
            "interface_id": "lo33",
            "tag": 0,
            "type": "primary",
            "vrf": "VRF2"
          },
          "sensitive_attributes": [],
          "private": "eyJpbXBvcnRpbmciOiJNQT09In0="
        }
      ]
    },
    {
      "module": "module.config-SW1a",
      "mode": "managed",
      "type": "nxos_loopback_interface",
      "name": "lo123-switch1a",
      "provider": "module.config-SW1a.provider[\"registry.terraform.io/ciscodevnet/nxos\"].switch1a",
      "instances": [
        {
          "schema_version": 0,
          "attributes": {
            "admin_state": "down",
            "description": "11.11.12",
            "device": null,
            "id": "sys/intf/lb-[lo123]",
            "interface_id": "lo123"
          },
          "sensitive_attributes": [],
          "private": "eyJpbXBvcnRpbmciOiJNQT09In0="
        }
      ]
    },
    {
      "module": "module.config-SW1a",
      "mode": "managed",
      "type": "nxos_loopback_interface",
      "name": "lo33-switch1a",
      "provider": "module.config-SW1a.provider[\"registry.terraform.io/ciscodevnet/nxos\"].switch1a",
      "instances": [
        {
          "schema_version": 0,
          "attributes": {
            "admin_state": "down",
            "description": "11.11.12",
            "device": null,
            "id": "sys/intf/lb-[lo33]",
            "interface_id": "lo33"
          },
          "sensitive_attributes": [],
          "private": "eyJpbXBvcnRpbmciOiJNQT09In0="
        }
      ]
    },
    {
      "module": "module.config-SW1a",
      "mode": "managed",
      "type": "nxos_loopback_interface_vrf",
      "name": "lo123-switch1a",
      "provider": "module.config-SW1a.provider[\"registry.terraform.io/ciscodevnet/nxos\"].switch1a",
      "instances": [
        {
          "schema_version": 0,
          "attributes": {
            "device": null,
            "id": "sys/intf/lb-[lo123]/rtvrfMbr",
            "interface_id": "lo123",
            "vrf_dn": "sys/inst-VRF1"
          },
          "sensitive_attributes": [],
          "private": "eyJpbXBvcnRpbmciOiJNQT09In0="
        }
      ]
    },
    {
      "module": "module.config-SW1a",
      "mode": "managed",
      "type": "nxos_loopback_interface_vrf",
      "name": "lo33-switch1a",
      "provider": "module.config-SW1a.provider[\"registry.terraform.io/ciscodevnet/nxos\"].switch1a",
      "instances": [
        {
          "schema_version": 0,
          "attributes": {
            "device": null,
            "id": "sys/intf/lb-[lo33]/rtvrfMbr",
            "interface_id": "lo33",
            "vrf_dn": "sys/inst-VRF2"
          },
          "sensitive_attributes": [],
          "private": "eyJpbXBvcnRpbmciOiJNQT09In0="
        }
      ]
    },
    {
      "module": "module.config-SW1a",
      "mode": "managed",
      "type": "nxos_physical_interface",
      "name": "eth1_7-switch1a",
      "provider": "module.config-SW1a.provider[\"registry.terraform.io/ciscodevnet/nxos\"].switch1a",
      "instances": [
        {
          "schema_version": 0,
          "attributes": {
            "access_vlan": "vlan-1",
            "admin_state": "up",
            "auto_negotiation": "on",
            "bandwidth": 0,
            "delay": 1,
            "description": "My Description",
            "device": null,
            "duplex": "auto",
            "fec_mode": "auto",
            "id": "sys/intf/phys-[eth1/7]",
            "interface_id": "eth1/7",
            "layer": "Layer3",
            "link_debounce_down": 100,
            "link_debounce_up": 0,
            "link_logging": "default",
            "medium": "broadcast",
            "mode": "access",
            "mtu": 1500,
            "native_vlan": "vlan-1",
            "speed": "auto",
            "speed_group": "auto",
            "trunk_vlans": "1-4094",
            "uni_directional_ethernet": "disable",
            "user_configured_flags": null
          },
          "sensitive_attributes": [],
          "private": "eyJpbXBvcnRpbmciOiJNQT09In0="
        }
      ]
    },
    {
      "module": "module.config-SW1a",
      "mode": "managed",
      "type": "nxos_physical_interface_vrf",
      "name": "eth1_7-switch1a",
      "provider": "module.config-SW1a.provider[\"registry.terraform.io/ciscodevnet/nxos\"].switch1a",
      "instances": [
        {
          "schema_version": 0,
          "attributes": {
            "device": null,
            "id": "sys/intf/phys-[eth1/7]/rtvrfMbr",
            "interface_id": "eth1/7",
            "vrf_dn": "sys/inst-VRF1"
          },
          "sensitive_attributes": [],
          "private": "eyJpbXBvcnRpbmciOiJNQT09In0="
        }
      ]
    },
    {
      "module": "module.config-SW1a",
      "mode": "managed",
      "type": "nxos_save_config",
      "name": "save-switch1a",
      "provider": "module.config-SW1a.provider[\"registry.terraform.io/ciscodevnet/nxos\"].switch1a",
      "instances": [
        {
          "schema_version": 0,
          "attributes": {
            "device": null,
            "save": true
          },
          "sensitive_attributes": []
        }
      ]
    },
    {
      "module": "module.config-SW1a",
      "mode": "managed",
      "type": "nxos_system",
      "name": "hostname-switch1a",
      "provider": "module.config-SW1a.provider[\"registry.terraform.io/ciscodevnet/nxos\"].switch1a",
      "instances": [
        {
          "schema_version": 0,
          "attributes": {
            "device": null,
            "id": "sys",
            "name": "test-Switch-100A"
          },
          "sensitive_attributes": [],
          "private": "eyJpbXBvcnRpbmciOiJNQT09In0="
        }
      ]
    },
    {
      "module": "module.config-SW1a",
      "mode": "managed",
      "type": "nxos_vrf",
      "name": "vrf-VRF1-switch1a",
      "provider": "module.config-SW1a.provider[\"registry.terraform.io/ciscodevnet/nxos\"].switch1a",
      "instances": [
        {
          "schema_version": 0,
          "attributes": {
            "description": null,
            "device": null,
            "encap": "unknown",
            "id": "sys/inst-[VRF1]",
            "name": "VRF1"
          },
          "sensitive_attributes": [],
          "private": "eyJpbXBvcnRpbmciOiJNQT09In0="
        }
      ]
    },
    {
      "module": "module.config-SW1a",
      "mode": "managed",
      "type": "nxos_vrf",
      "name": "vrf-VRF2-switch1a",
      "provider": "module.config-SW1a.provider[\"registry.terraform.io/ciscodevnet/nxos\"].switch1a",
      "instances": [
        {
          "schema_version": 0,
          "attributes": {
            "description": null,
            "device": null,
            "encap": "unknown",
            "id": "sys/inst-[VRF2]",
            "name": "VRF2"
          },
          "sensitive_attributes": [],
          "private": "eyJpbXBvcnRpbmciOiJNQT09In0="
        }
      ]
    },
    {
      "module": "module.config-SW1b",
      "mode": "managed",
      "type": "nxos_ipv4_interface",
      "name": "eth1_7-switch1b",
      "provider": "module.config-SW1b.provider[\"registry.terraform.io/ciscodevnet/nxos\"].switch1b",
      "instances": [
        {
          "schema_version": 0,
          "attributes": {
            "device": null,
            "drop_glean": "disabled",
            "forward": "disabled",
            "id": "sys/ipv4/inst/dom-[VRF1]/if-[eth1/7]",
            "interface_id": "eth1/7",
            "unnumbered": "unspecified",
            "urpf": "disabled",
            "vrf": "VRF1"
          },
          "sensitive_attributes": [],
          "private": "eyJpbXBvcnRpbmciOiJNQT09In0="
        }
      ]
    },
    {
      "module": "module.config-SW1b",
      "mode": "managed",
      "type": "nxos_ipv4_interface",
      "name": "lo123-switch1b",
      "provider": "module.config-SW1b.provider[\"registry.terraform.io/ciscodevnet/nxos\"].switch1b",
      "instances": [
        {
          "schema_version": 0,
          "attributes": {
            "device": null,
            "drop_glean": "disabled",
            "forward": "disabled",
            "id": "sys/ipv4/inst/dom-[VRF1]/if-[lo123]",
            "interface_id": "lo123",
            "unnumbered": "unspecified",
            "urpf": "disabled",
            "vrf": "VRF1"
          },
          "sensitive_attributes": [],
          "private": "eyJpbXBvcnRpbmciOiJNQT09In0="
        }
      ]
    },
    {
      "module": "module.config-SW1b",
      "mode": "managed",
      "type": "nxos_ipv4_interface",
      "name": "lo33-switch1b",
      "provider": "module.config-SW1b.provider[\"registry.terraform.io/ciscodevnet/nxos\"].switch1b",
      "instances": [
        {
          "schema_version": 0,
          "attributes": {
            "device": null,
            "drop_glean": "disabled",
            "forward": "disabled",
            "id": "sys/ipv4/inst/dom-[VRF2]/if-[lo33]",
            "interface_id": "lo33",
            "unnumbered": "unspecified",
            "urpf": "disabled",
            "vrf": "VRF2"
          },
          "sensitive_attributes": [],
          "private": "eyJpbXBvcnRpbmciOiJNQT09In0="
        }
      ]
    },
    {
      "module": "module.config-SW1b",
      "mode": "managed",
      "type": "nxos_ipv4_interface_address",
      "name": "eth1_7-switch1b",
      "provider": "module.config-SW1b.provider[\"registry.terraform.io/ciscodevnet/nxos\"].switch1b",
      "instances": [
        {
          "schema_version": 0,
          "attributes": {
            "address": "24.63.46.50/30",
            "device": null,
            "id": "sys/ipv4/inst/dom-[VRF1]/if-[eth1/7]/addr-[24.63.46.50/30]",
            "interface_id": "eth1/7",
            "tag": 0,
            "type": "primary",
            "vrf": "VRF1"
          },
          "sensitive_attributes": [],
          "private": "eyJpbXBvcnRpbmciOiJNQT09In0="
        }
      ]
    },
    {
      "module": "module.config-SW1b",
      "mode": "managed",
      "type": "nxos_ipv4_interface_address",
      "name": "lo123-switch1b",
      "provider": "module.config-SW1b.provider[\"registry.terraform.io/ciscodevnet/nxos\"].switch1b",
      "instances": [
        {
          "schema_version": 0,
          "attributes": {
            "address": "11.11.12.2/32",
            "device": null,
            "id": "sys/ipv4/inst/dom-[VRF1]/if-[lo123]/addr-[11.11.12.2/32]",
            "interface_id": "lo123",
            "tag": 0,
            "type": "primary",
            "vrf": "VRF1"
          },
          "sensitive_attributes": [],
          "private": "eyJpbXBvcnRpbmciOiJNQT09In0="
        }
      ]
    },
    {
      "module": "module.config-SW1b",
      "mode": "managed",
      "type": "nxos_ipv4_interface_address",
      "name": "lo33-switch1b",
      "provider": "module.config-SW1b.provider[\"registry.terraform.io/ciscodevnet/nxos\"].switch1b",
      "instances": [
        {
          "schema_version": 0,
          "attributes": {
            "address": "11.11.12.12/32",
            "device": null,
            "id": "sys/ipv4/inst/dom-[VRF2]/if-[lo33]/addr-[11.11.12.12/32]",
            "interface_id": "lo33",
            "tag": 0,
            "type": "primary",
            "vrf": "VRF2"
          },
          "sensitive_attributes": [],
          "private": "eyJpbXBvcnRpbmciOiJNQT09In0="
        }
      ]
    },
    {
      "module": "module.config-SW1b",
      "mode": "managed",
      "type": "nxos_loopback_interface",
      "name": "lo123-switch1b",
      "provider": "module.config-SW1b.provider[\"registry.terraform.io/ciscodevnet/nxos\"].switch1b",
      "instances": [
        {
          "schema_version": 0,
          "attributes": {
            "admin_state": "down",
            "description": "11.11.12",
            "device": null,
            "id": "sys/intf/lb-[lo123]",
            "interface_id": "lo123"
          },
          "sensitive_attributes": [],
          "private": "eyJpbXBvcnRpbmciOiJNQT09In0="
        }
      ]
    },
    {
      "module": "module.config-SW1b",
      "mode": "managed",
      "type": "nxos_loopback_interface",
      "name": "lo33-switch1b",
      "provider": "module.config-SW1b.provider[\"registry.terraform.io/ciscodevnet/nxos\"].switch1b",
      "instances": [
        {
          "schema_version": 0,
          "attributes": {
            "admin_state": "down",
            "description": "11.11.12",
            "device": null,
            "id": "sys/intf/lb-[lo33]",
            "interface_id": "lo33"
          },
          "sensitive_attributes": [],
          "private": "eyJpbXBvcnRpbmciOiJNQT09In0="
        }
      ]
    },
    {
      "module": "module.config-SW1b",
      "mode": "managed",
      "type": "nxos_loopback_interface_vrf",
      "name": "lo123-switch1b",
      "provider": "module.config-SW1b.provider[\"registry.terraform.io/ciscodevnet/nxos\"].switch1b",
      "instances": [
        {
          "schema_version": 0,
          "attributes": {
            "device": null,
            "id": "sys/intf/lb-[lo123]/rtvrfMbr",
            "interface_id": "lo123",
            "vrf_dn": "sys/inst-VRF1"
          },
          "sensitive_attributes": [],
          "private": "eyJpbXBvcnRpbmciOiJNQT09In0="
        }
      ]
    },
    {
      "module": "module.config-SW1b",
      "mode": "managed",
      "type": "nxos_loopback_interface_vrf",
      "name": "lo33-switch1b",
      "provider": "module.config-SW1b.provider[\"registry.terraform.io/ciscodevnet/nxos\"].switch1b",
      "instances": [
        {
          "schema_version": 0,
          "attributes": {
            "device": null,
            "id": "sys/intf/lb-[lo33]/rtvrfMbr",
            "interface_id": "lo33",
            "vrf_dn": "sys/inst-VRF2"
          },
          "sensitive_attributes": [],
          "private": "eyJpbXBvcnRpbmciOiJNQT09In0="
        }
      ]
    },
    {
      "module": "module.config-SW1b",
      "mode": "managed",
      "type": "nxos_physical_interface",
      "name": "eth1_7-switch1b",
      "provider": "module.config-SW1b.provider[\"registry.terraform.io/ciscodevnet/nxos\"].switch1b",
      "instances": [
        {
          "schema_version": 0,
          "attributes": {
            "access_vlan": "vlan-1",
            "admin_state": "up",
            "auto_negotiation": "on",
            "bandwidth": 0,
            "delay": 1,
            "description": "My Description-switch1b to switch1a",
            "device": null,
            "duplex": "auto",
            "fec_mode": "auto",
            "id": "sys/intf/phys-[eth1/7]",
            "interface_id": "eth1/7",
            "layer": "Layer3",
            "link_debounce_down": 100,
            "link_debounce_up": 0,
            "link_logging": "default",
            "medium": "broadcast",
            "mode": "access",
            "mtu": 1500,
            "native_vlan": "vlan-1",
            "speed": "auto",
            "speed_group": "auto",
            "trunk_vlans": "1-4094",
            "uni_directional_ethernet": "disable",
            "user_configured_flags": null
          },
          "sensitive_attributes": [],
          "private": "eyJpbXBvcnRpbmciOiJNQT09In0="
        }
      ]
    },
    {
      "module": "module.config-SW1b",
      "mode": "managed",
      "type": "nxos_physical_interface_vrf",
      "name": "eth1_7-switch1b",
      "provider": "module.config-SW1b.provider[\"registry.terraform.io/ciscodevnet/nxos\"].switch1b",
      "instances": [
        {
          "schema_version": 0,
          "attributes": {
            "device": null,
            "id": "sys/intf/phys-[eth1/7]/rtvrfMbr",
            "interface_id": "eth1/7",
            "vrf_dn": "sys/inst-VRF1"
          },
          "sensitive_attributes": [],
          "private": "eyJpbXBvcnRpbmciOiJNQT09In0="
        }
      ]
    },
    {
      "module": "module.config-SW1b",
      "mode": "managed",
      "type": "nxos_save_config",
      "name": "save-switch1b",
      "provider": "module.config-SW1b.provider[\"registry.terraform.io/ciscodevnet/nxos\"].switch1b",
      "instances": [
        {
          "schema_version": 0,
          "attributes": {
            "device": null,
            "save": true
          },
          "sensitive_attributes": []
        }
      ]
    },
    {
      "module": "module.config-SW1b",
      "mode": "managed",
      "type": "nxos_system",
      "name": "hostname-switch1b",
      "provider": "module.config-SW1b.provider[\"registry.terraform.io/ciscodevnet/nxos\"].switch1b",
      "instances": [
        {
          "schema_version": 0,
          "attributes": {
            "device": null,
            "id": "sys",
            "name": "test-Switch-2200A"
          },
          "sensitive_attributes": [],
          "private": "eyJpbXBvcnRpbmciOiJNQT09In0="
        }
      ]
    },
    {
      "module": "module.config-SW1b",
      "mode": "managed",
      "type": "nxos_vrf",
      "name": "vrf-VFR1-switch1b",
      "provider": "module.config-SW1b.provider[\"registry.terraform.io/ciscodevnet/nxos\"].switch1b",
      "instances": [
        {
          "schema_version": 0,
          "attributes": {
            "description": null,
            "device": null,
            "encap": "unknown",
            "id": "sys/inst-[VRF1]",
            "name": "VRF1"
          },
          "sensitive_attributes": [],
          "private": "eyJpbXBvcnRpbmciOiJNQT09In0="
        }
      ]
    },
    {
      "module": "module.config-SW1b",
      "mode": "managed",
      "type": "nxos_vrf",
      "name": "vrf-VFR2-switch1b",
      "provider": "module.config-SW1b.provider[\"registry.terraform.io/ciscodevnet/nxos\"].switch1b",
      "instances": [
        {
          "schema_version": 0,
          "attributes": {
            "description": null,
            "device": null,
            "encap": "unknown",
            "id": "sys/inst-[VRF2]",
            "name": "VRF2"
          },
          "sensitive_attributes": [],
          "private": "eyJpbXBvcnRpbmciOiJNQT09In0="
        }
      ]
    }
  ],
  "check_results": null
}
